// !$*UTF8*$!
{
	archiveVersion = 1;
	classes = {
	};
	objectVersion = 50;
	objects = {

/* Begin PBXBuildFile section */
		684525DA208DBE3B00564867 /* AppDelegate.swift in Sources */ = {isa = PBXBuildFile; fileRef = 684525D9208DBE3B00564867 /* AppDelegate.swift */; };
		684525DC208DBE3B00564867 /* MasterViewController.swift in Sources */ = {isa = PBXBuildFile; fileRef = 684525DB208DBE3B00564867 /* MasterViewController.swift */; };
		684525DE208DBE3B00564867 /* DetailViewController.swift in Sources */ = {isa = PBXBuildFile; fileRef = 684525DD208DBE3B00564867 /* DetailViewController.swift */; };
		684525E1208DBE3B00564867 /* Main.storyboard in Resources */ = {isa = PBXBuildFile; fileRef = 684525DF208DBE3B00564867 /* Main.storyboard */; };
		684525E3208DBE3C00564867 /* Assets.xcassets in Resources */ = {isa = PBXBuildFile; fileRef = 684525E2208DBE3C00564867 /* Assets.xcassets */; };
		684525E6208DBE3C00564867 /* LaunchScreen.storyboard in Resources */ = {isa = PBXBuildFile; fileRef = 684525E4208DBE3C00564867 /* LaunchScreen.storyboard */; };
		684525F1208DBE3C00564867 /* MasterDetailTests.swift in Sources */ = {isa = PBXBuildFile; fileRef = 684525F0208DBE3C00564867 /* MasterDetailTests.swift */; };
		684525FC208DBE3C00564867 /* MasterDetailUITests.swift in Sources */ = {isa = PBXBuildFile; fileRef = 684525FB208DBE3C00564867 /* MasterDetailUITests.swift */; };
/* End PBXBuildFile section */

/* Begin PBXContainerItemProxy section */
		684525ED208DBE3C00564867 /* PBXContainerItemProxy */ = {
			isa = PBXContainerItemProxy;
			containerPortal = 684525CE208DBE3B00564867 /* Project object */;
			proxyType = 1;
			remoteGlobalIDString = 684525D5208DBE3B00564867;
			remoteInfo = MasterDetail;
		};
		684525F8208DBE3C00564867 /* PBXContainerItemProxy */ = {
			isa = PBXContainerItemProxy;
			containerPortal = 684525CE208DBE3B00564867 /* Project object */;
			proxyType = 1;
			remoteGlobalIDString = 684525D5208DBE3B00564867;
			remoteInfo = MasterDetail;
		};
/* End PBXContainerItemProxy section */

/* Begin PBXFileReference section */
		684525D6208DBE3B00564867 /* MasterDetail.app */ = {isa = PBXFileReference; explicitFileType = wrapper.application; includeInIndex = 0; path = MasterDetail.app; sourceTree = BUILT_PRODUCTS_DIR; };
		684525D9208DBE3B00564867 /* AppDelegate.swift */ = {isa = PBXFileReference; lastKnownFileType = sourcecode.swift; path = AppDelegate.swift; sourceTree = "<group>"; };
		684525DB208DBE3B00564867 /* MasterViewController.swift */ = {isa = PBXFileReference; lastKnownFileType = sourcecode.swift; path = MasterViewController.swift; sourceTree = "<group>"; };
		684525DD208DBE3B00564867 /* DetailViewController.swift */ = {isa = PBXFileReference; lastKnownFileType = sourcecode.swift; path = DetailViewController.swift; sourceTree = "<group>"; };
		684525E0208DBE3B00564867 /* Base */ = {isa = PBXFileReference; lastKnownFileType = file.storyboard; name = Base; path = Base.lproj/Main.storyboard; sourceTree = "<group>"; };
		684525E2208DBE3C00564867 /* Assets.xcassets */ = {isa = PBXFileReference; lastKnownFileType = folder.assetcatalog; path = Assets.xcassets; sourceTree = "<group>"; };
		684525E5208DBE3C00564867 /* Base */ = {isa = PBXFileReference; lastKnownFileType = file.storyboard; name = Base; path = Base.lproj/LaunchScreen.storyboard; sourceTree = "<group>"; };
		684525E7208DBE3C00564867 /* Info.plist */ = {isa = PBXFileReference; lastKnownFileType = text.plist.xml; path = Info.plist; sourceTree = "<group>"; };
		684525EC208DBE3C00564867 /* MasterDetailTests.xctest */ = {isa = PBXFileReference; explicitFileType = wrapper.cfbundle; includeInIndex = 0; path = MasterDetailTests.xctest; sourceTree = BUILT_PRODUCTS_DIR; };
		684525F0208DBE3C00564867 /* MasterDetailTests.swift */ = {isa = PBXFileReference; lastKnownFileType = sourcecode.swift; path = MasterDetailTests.swift; sourceTree = "<group>"; };
		684525F2208DBE3C00564867 /* Info.plist */ = {isa = PBXFileReference; lastKnownFileType = text.plist.xml; path = Info.plist; sourceTree = "<group>"; };
		684525F7208DBE3C00564867 /* MasterDetailUITests.xctest */ = {isa = PBXFileReference; explicitFileType = wrapper.cfbundle; includeInIndex = 0; path = MasterDetailUITests.xctest; sourceTree = BUILT_PRODUCTS_DIR; };
		684525FB208DBE3C00564867 /* MasterDetailUITests.swift */ = {isa = PBXFileReference; lastKnownFileType = sourcecode.swift; path = MasterDetailUITests.swift; sourceTree = "<group>"; };
		684525FD208DBE3C00564867 /* Info.plist */ = {isa = PBXFileReference; lastKnownFileType = text.plist.xml; path = Info.plist; sourceTree = "<group>"; };
/* End PBXFileReference section */

/* Begin PBXFrameworksBuildPhase section */
		684525D3208DBE3B00564867 /* Frameworks */ = {
			isa = PBXFrameworksBuildPhase;
			buildActionMask = 2147483647;
			files = (
			);
			runOnlyForDeploymentPostprocessing = 0;
		};
		684525E9208DBE3C00564867 /* Frameworks */ = {
			isa = PBXFrameworksBuildPhase;
			buildActionMask = 2147483647;
			files = (
			);
			runOnlyForDeploymentPostprocessing = 0;
		};
		684525F4208DBE3C00564867 /* Frameworks */ = {
			isa = PBXFrameworksBuildPhase;
			buildActionMask = 2147483647;
			files = (
			);
			runOnlyForDeploymentPostprocessing = 0;
		};
/* End PBXFrameworksBuildPhase section */

/* Begin PBXGroup section */
		684525CD208DBE3B00564867 = {
			isa = PBXGroup;
			children = (
				684525D8208DBE3B00564867 /* MasterDetail */,
				684525EF208DBE3C00564867 /* MasterDetailTests */,
				684525FA208DBE3C00564867 /* MasterDetailUITests */,
				684525D7208DBE3B00564867 /* Products */,
			);
			sourceTree = "<group>";
		};
		684525D7208DBE3B00564867 /* Products */ = {
			isa = PBXGroup;
			children = (
				684525D6208DBE3B00564867 /* MasterDetail.app */,
				684525EC208DBE3C00564867 /* MasterDetailTests.xctest */,
				684525F7208DBE3C00564867 /* MasterDetailUITests.xctest */,
			);
			name = Products;
			sourceTree = "<group>";
		};
		684525D8208DBE3B00564867 /* MasterDetail */ = {
			isa = PBXGroup;
			children = (
				684525D9208DBE3B00564867 /* AppDelegate.swift */,
				684525DB208DBE3B00564867 /* MasterViewController.swift */,
				684525DD208DBE3B00564867 /* DetailViewController.swift */,
				684525DF208DBE3B00564867 /* Main.storyboard */,
				684525E2208DBE3C00564867 /* Assets.xcassets */,
				684525E4208DBE3C00564867 /* LaunchScreen.storyboard */,
				684525E7208DBE3C00564867 /* Info.plist */,
			);
			path = MasterDetail;
			sourceTree = "<group>";
		};
		684525EF208DBE3C00564867 /* MasterDetailTests */ = {
			isa = PBXGroup;
			children = (
				684525F0208DBE3C00564867 /* MasterDetailTests.swift */,
				684525F2208DBE3C00564867 /* Info.plist */,
			);
			path = MasterDetailTests;
			sourceTree = "<group>";
		};
		684525FA208DBE3C00564867 /* MasterDetailUITests */ = {
			isa = PBXGroup;
			children = (
				684525FB208DBE3C00564867 /* MasterDetailUITests.swift */,
				684525FD208DBE3C00564867 /* Info.plist */,
			);
			path = MasterDetailUITests;
			sourceTree = "<group>";
		};
/* End PBXGroup section */

/* Begin PBXNativeTarget section */
		684525D5208DBE3B00564867 /* MasterDetail */ = {
			isa = PBXNativeTarget;
			buildConfigurationList = 68452600208DBE3C00564867 /* Build configuration list for PBXNativeTarget "MasterDetail" */;
			buildPhases = (
				684525D2208DBE3B00564867 /* Sources */,
				684525D3208DBE3B00564867 /* Frameworks */,
				684525D4208DBE3B00564867 /* Resources */,
			);
			buildRules = (
			);
			dependencies = (
			);
			name = MasterDetail;
			productName = MasterDetail;
			productReference = 684525D6208DBE3B00564867 /* MasterDetail.app */;
			productType = "com.apple.product-type.application";
		};
		684525EB208DBE3C00564867 /* MasterDetailTests */ = {
			isa = PBXNativeTarget;
			buildConfigurationList = 68452603208DBE3C00564867 /* Build configuration list for PBXNativeTarget "MasterDetailTests" */;
			buildPhases = (
				684525E8208DBE3C00564867 /* Sources */,
				684525E9208DBE3C00564867 /* Frameworks */,
				684525EA208DBE3C00564867 /* Resources */,
			);
			buildRules = (
			);
			dependencies = (
				684525EE208DBE3C00564867 /* PBXTargetDependency */,
			);
			name = MasterDetailTests;
			productName = MasterDetailTests;
			productReference = 684525EC208DBE3C00564867 /* MasterDetailTests.xctest */;
			productType = "com.apple.product-type.bundle.unit-test";
		};
		684525F6208DBE3C00564867 /* MasterDetailUITests */ = {
			isa = PBXNativeTarget;
			buildConfigurationList = 68452606208DBE3C00564867 /* Build configuration list for PBXNativeTarget "MasterDetailUITests" */;
			buildPhases = (
				684525F3208DBE3C00564867 /* Sources */,
				684525F4208DBE3C00564867 /* Frameworks */,
				684525F5208DBE3C00564867 /* Resources */,
			);
			buildRules = (
			);
			dependencies = (
				684525F9208DBE3C00564867 /* PBXTargetDependency */,
			);
			name = MasterDetailUITests;
			productName = MasterDetailUITests;
			productReference = 684525F7208DBE3C00564867 /* MasterDetailUITests.xctest */;
			productType = "com.apple.product-type.bundle.ui-testing";
		};
/* End PBXNativeTarget section */

/* Begin PBXProject section */
		684525CE208DBE3B00564867 /* Project object */ = {
			isa = PBXProject;
			attributes = {
				LastSwiftUpdateCheck = 0930;
				LastUpgradeCheck = 0930;
				ORGANIZATIONNAME = lecture;
				TargetAttributes = {
					684525D5208DBE3B00564867 = {
						CreatedOnToolsVersion = 9.3;
					};
					684525EB208DBE3C00564867 = {
						CreatedOnToolsVersion = 9.3;
						TestTargetID = 684525D5208DBE3B00564867;
					};
					684525F6208DBE3C00564867 = {
						CreatedOnToolsVersion = 9.3;
						TestTargetID = 684525D5208DBE3B00564867;
					};
				};
			};
			buildConfigurationList = 684525D1208DBE3B00564867 /* Build configuration list for PBXProject "MasterDetail" */;
			compatibilityVersion = "Xcode 9.3";
			developmentRegion = en;
			hasScannedForEncodings = 0;
			knownRegions = (
				en,
				Base,
			);
			mainGroup = 684525CD208DBE3B00564867;
			productRefGroup = 684525D7208DBE3B00564867 /* Products */;
			projectDirPath = "";
			projectRoot = "";
			targets = (
				684525D5208DBE3B00564867 /* MasterDetail */,
				684525EB208DBE3C00564867 /* MasterDetailTests */,
				684525F6208DBE3C00564867 /* MasterDetailUITests */,
			);
		};
/* End PBXProject section */

/* Begin PBXResourcesBuildPhase section */
		684525D4208DBE3B00564867 /* Resources */ = {
			isa = PBXResourcesBuildPhase;
			buildActionMask = 2147483647;
			files = (
				684525E6208DBE3C00564867 /* LaunchScreen.storyboard in Resources */,
				684525E3208DBE3C00564867 /* Assets.xcassets in Resources */,
				684525E1208DBE3B00564867 /* Main.storyboard in Resources */,
			);
			runOnlyForDeploymentPostprocessing = 0;
		};
		684525EA208DBE3C00564867 /* Resources */ = {
			isa = PBXResourcesBuildPhase;
			buildActionMask = 2147483647;
			files = (
			);
			runOnlyForDeploymentPostprocessing = 0;
		};
		684525F5208DBE3C00564867 /* Resources */ = {
			isa = PBXResourcesBuildPhase;
			buildActionMask = 2147483647;
			files = (
			);
			runOnlyForDeploymentPostprocessing = 0;
		};
/* End PBXResourcesBuildPhase section */

/* Begin PBXSourcesBuildPhase section */
		684525D2208DBE3B00564867 /* Sources */ = {
			isa = PBXSourcesBuildPhase;
			buildActionMask = 2147483647;
			files = (
				684525DE208DBE3B00564867 /* DetailViewController.swift in Sources */,
				684525DC208DBE3B00564867 /* MasterViewController.swift in Sources */,
				684525DA208DBE3B00564867 /* AppDelegate.swift in Sources */,
			);
			runOnlyForDeploymentPostprocessing = 0;
		};
		684525E8208DBE3C00564867 /* Sources */ = {
			isa = PBXSourcesBuildPhase;
			buildActionMask = 2147483647;
			files = (
				684525F1208DBE3C00564867 /* MasterDetailTests.swift in Sources */,
			);
			runOnlyForDeploymentPostprocessing = 0;
		};
		684525F3208DBE3C00564867 /* Sources */ = {
			isa = PBXSourcesBuildPhase;
			buildActionMask = 2147483647;
			files = (
				684525FC208DBE3C00564867 /* MasterDetailUITests.swift in Sources */,
			);
			runOnlyForDeploymentPostprocessing = 0;
		};
/* End PBXSourcesBuildPhase section */

/* Begin PBXTargetDependency section */
		684525EE208DBE3C00564867 /* PBXTargetDependency */ = {
			isa = PBXTargetDependency;
			target = 684525D5208DBE3B00564867 /* MasterDetail */;
			targetProxy = 684525ED208DBE3C00564867 /* PBXContainerItemProxy */;
		};
		684525F9208DBE3C00564867 /* PBXTargetDependency */ = {
			isa = PBXTargetDependency;
			target = 684525D5208DBE3B00564867 /* MasterDetail */;
			targetProxy = 684525F8208DBE3C00564867 /* PBXContainerItemProxy */;
		};
/* End PBXTargetDependency section */

/* Begin PBXVariantGroup section */
		684525DF208DBE3B00564867 /* Main.storyboard */ = {
			isa = PBXVariantGroup;
			children = (
				684525E0208DBE3B00564867 /* Base */,
			);
			name = Main.storyboard;
			sourceTree = "<group>";
		};
		684525E4208DBE3C00564867 /* LaunchScreen.storyboard */ = {
			isa = PBXVariantGroup;
			children = (
				684525E5208DBE3C00564867 /* Base */,
			);
			name = LaunchScreen.storyboard;
			sourceTree = "<group>";
		};
/* End PBXVariantGroup section */

/* Begin XCBuildConfiguration section */
		684525FE208DBE3C00564867 /* Debug */ = {
			isa = XCBuildConfiguration;
			buildSettings = {
				ALWAYS_SEARCH_USER_PATHS = NO;
				CLANG_ANALYZER_NONNULL = YES;
				CLANG_ANALYZER_NUMBER_OBJECT_CONVERSION = YES_AGGRESSIVE;
				CLANG_CXX_LANGUAGE_STANDARD = "gnu++14";
				CLANG_CXX_LIBRARY = "libc++";
				CLANG_ENABLE_MODULES = YES;
				CLANG_ENABLE_OBJC_ARC = YES;
				CLANG_ENABLE_OBJC_WEAK = YES;
				CLANG_WARN_BLOCK_CAPTURE_AUTORELEASING = YES;
				CLANG_WARN_BOOL_CONVERSION = YES;
				CLANG_WARN_COMMA = YES;
				CLANG_WARN_CONSTANT_CONVERSION = YES;
				CLANG_WARN_DEPRECATED_OBJC_IMPLEMENTATIONS = YES;
				CLANG_WARN_DIRECT_OBJC_ISA_USAGE = YES_ERROR;
				CLANG_WARN_DOCUMENTATION_COMMENTS = YES;
				CLANG_WARN_EMPTY_BODY = YES;
				CLANG_WARN_ENUM_CONVERSION = YES;
				CLANG_WARN_INFINITE_RECURSION = YES;
				CLANG_WARN_INT_CONVERSION = YES;
				CLANG_WARN_NON_LITERAL_NULL_CONVERSION = YES;
				CLANG_WARN_OBJC_IMPLICIT_RETAIN_SELF = YES;
				CLANG_WARN_OBJC_LITERAL_CONVERSION = YES;
				CLANG_WARN_OBJC_ROOT_CLASS = YES_ERROR;
				CLANG_WARN_RANGE_LOOP_ANALYSIS = YES;
				CLANG_WARN_STRICT_PROTOTYPES = YES;
				CLANG_WARN_SUSPICIOUS_MOVE = YES;
				CLANG_WARN_UNGUARDED_AVAILABILITY = YES_AGGRESSIVE;
				CLANG_WARN_UNREACHABLE_CODE = YES;
				CLANG_WARN__DUPLICATE_METHOD_MATCH = YES;
				CODE_SIGN_IDENTITY = "iPhone Developer";
				COPY_PHASE_STRIP = NO;
				DEBUG_INFORMATION_FORMAT = dwarf;
				ENABLE_STRICT_OBJC_MSGSEND = YES;
				ENABLE_TESTABILITY = YES;
				GCC_C_LANGUAGE_STANDARD = gnu11;
				GCC_DYNAMIC_NO_PIC = NO;
				GCC_NO_COMMON_BLOCKS = YES;
				GCC_OPTIMIZATION_LEVEL = 0;
				GCC_PREPROCESSOR_DEFINITIONS = (
					"DEBUG=1",
					"$(inherited)",
				);
				GCC_WARN_64_TO_32_BIT_CONVERSION = YES;
				GCC_WARN_ABOUT_RETURN_TYPE = YES_ERROR;
				GCC_WARN_UNDECLARED_SELECTOR = YES;
				GCC_WARN_UNINITIALIZED_AUTOS = YES_AGGRESSIVE;
				GCC_WARN_UNUSED_FUNCTION = YES;
				GCC_WARN_UNUSED_VARIABLE = YES;
				IPHONEOS_DEPLOYMENT_TARGET = 11.3;
				MTL_ENABLE_DEBUG_INFO = YES;
				ONLY_ACTIVE_ARCH = YES;
				SDKROOT = iphoneos;
				SWIFT_ACTIVE_COMPILATION_CONDITIONS = DEBUG;
				SWIFT_OPTIMIZATION_LEVEL = "-Onone";
			};
			name = Debug;
		};
		684525FF208DBE3C00564867 /* Release */ = {
			isa = XCBuildConfiguration;
			buildSettings = {
				ALWAYS_SEARCH_USER_PATHS = NO;
				CLANG_ANALYZER_NONNULL = YES;
				CLANG_ANALYZER_NUMBER_OBJECT_CONVERSION = YES_AGGRESSIVE;
				CLANG_CXX_LANGUAGE_STANDARD = "gnu++14";
				CLANG_CXX_LIBRARY = "libc++";
				CLANG_ENABLE_MODULES = YES;
				CLANG_ENABLE_OBJC_ARC = YES;
				CLANG_ENABLE_OBJC_WEAK = YES;
				CLANG_WARN_BLOCK_CAPTURE_AUTORELEASING = YES;
				CLANG_WARN_BOOL_CONVERSION = YES;
				CLANG_WARN_COMMA = YES;
				CLANG_WARN_CONSTANT_CONVERSION = YES;
				CLANG_WARN_DEPRECATED_OBJC_IMPLEMENTATIONS = YES;
				CLANG_WARN_DIRECT_OBJC_ISA_USAGE = YES_ERROR;
				CLANG_WARN_DOCUMENTATION_COMMENTS = YES;
				CLANG_WARN_EMPTY_BODY = YES;
				CLANG_WARN_ENUM_CONVERSION = YES;
				CLANG_WARN_INFINITE_RECURSION = YES;
				CLANG_WARN_INT_CONVERSION = YES;
				CLANG_WARN_NON_LITERAL_NULL_CONVERSION = YES;
				CLANG_WARN_OBJC_IMPLICIT_RETAIN_SELF = YES;
				CLANG_WARN_OBJC_LITERAL_CONVERSION = YES;
				CLANG_WARN_OBJC_ROOT_CLASS = YES_ERROR;
				CLANG_WARN_RANGE_LOOP_ANALYSIS = YES;
				CLANG_WARN_STRICT_PROTOTYPES = YES;
				CLANG_WARN_SUSPICIOUS_MOVE = YES;
				CLANG_WARN_UNGUARDED_AVAILABILITY = YES_AGGRESSIVE;
				CLANG_WARN_UNREACHABLE_CODE = YES;
				CLANG_WARN__DUPLICATE_METHOD_MATCH = YES;
				CODE_SIGN_IDENTITY = "iPhone Developer";
				COPY_PHASE_STRIP = NO;
				DEBUG_INFORMATION_FORMAT = "dwarf-with-dsym";
				ENABLE_NS_ASSERTIONS = NO;
				ENABLE_STRICT_OBJC_MSGSEND = YES;
				GCC_C_LANGUAGE_STANDARD = gnu11;
				GCC_NO_COMMON_BLOCKS = YES;
				GCC_WARN_64_TO_32_BIT_CONVERSION = YES;
				GCC_WARN_ABOUT_RETURN_TYPE = YES_ERROR;
				GCC_WARN_UNDECLARED_SELECTOR = YES;
				GCC_WARN_UNINITIALIZED_AUTOS = YES_AGGRESSIVE;
				GCC_WARN_UNUSED_FUNCTION = YES;
				GCC_WARN_UNUSED_VARIABLE = YES;
				IPHONEOS_DEPLOYMENT_TARGET = 11.3;
				MTL_ENABLE_DEBUG_INFO = NO;
				SDKROOT = iphoneos;
				SWIFT_COMPILATION_MODE = wholemodule;
				SWIFT_OPTIMIZATION_LEVEL = "-O";
				VALIDATE_PRODUCT = YES;
			};
			name = Release;
		};
		68452601208DBE3C00564867 /* Debug */ = {
			isa = XCBuildConfiguration;
			buildSettings = {
				ASSETCATALOG_COMPILER_APPICON_NAME = AppIcon;
				CODE_SIGN_STYLE = Automatic;
				INFOPLIST_FILE = MasterDetail/Info.plist;
				LD_RUNPATH_SEARCH_PATHS = (
					"$(inherited)",
					"@executable_path/Frameworks",
				);
				PRODUCT_BUNDLE_IDENTIFIER = com.swift.programmers.single.MasterDetail;
				PRODUCT_NAME = "$(TARGET_NAME)";
				SWIFT_VERSION = 4.0;
				TARGETED_DEVICE_FAMILY = "1,2";
			};
			name = Debug;
		};
		68452602208DBE3C00564867 /* Release */ = {
			isa = XCBuildConfiguration;
			buildSettings = {
				ASSETCATALOG_COMPILER_APPICON_NAME = AppIcon;
				CODE_SIGN_STYLE = Automatic;
				INFOPLIST_FILE = MasterDetail/Info.plist;
				LD_RUNPATH_SEARCH_PATHS = (
					"$(inherited)",
					"@executable_path/Frameworks",
				);
				PRODUCT_BUNDLE_IDENTIFIER = com.swift.programmers.single.MasterDetail;
				PRODUCT_NAME = "$(TARGET_NAME)";
				SWIFT_VERSION = 4.0;
				TARGETED_DEVICE_FAMILY = "1,2";
			};
			name = Release;
		};
		68452604208DBE3C00564867 /* Debug */ = {
			isa = XCBuildConfiguration;
			buildSettings = {
				ALWAYS_EMBED_SWIFT_STANDARD_LIBRARIES = YES;
				BUNDLE_LOADER = "$(TEST_HOST)";
				CODE_SIGN_STYLE = Automatic;
				INFOPLIST_FILE = MasterDetailTests/Info.plist;
				LD_RUNPATH_SEARCH_PATHS = (
					"$(inherited)",
					"@executable_path/Frameworks",
					"@loader_path/Frameworks",
				);
				PRODUCT_BUNDLE_IDENTIFIER = com.swift.programmers.single.MasterDetailTests;
				PRODUCT_NAME = "$(TARGET_NAME)";
				SWIFT_VERSION = 4.0;
				TARGETED_DEVICE_FAMILY = "1,2";
				TEST_HOST = "$(BUILT_PRODUCTS_DIR)/MasterDetail.app/MasterDetail";
			};
			name = Debug;
		};
		68452605208DBE3C00564867 /* Release */ = {
			isa = XCBuildConfiguration;
			buildSettings = {
				ALWAYS_EMBED_SWIFT_STANDARD_LIBRARIES = YES;
				BUNDLE_LOADER = "$(TEST_HOST)";
				CODE_SIGN_STYLE = Automatic;
				INFOPLIST_FILE = MasterDetailTests/Info.plist;
				LD_RUNPATH_SEARCH_PATHS = (
					"$(inherited)",
					"@executable_path/Frameworks",
					"@loader_path/Frameworks",
				);
				PRODUCT_BUNDLE_IDENTIFIER = com.swift.programmers.single.MasterDetailTests;
				PRODUCT_NAME = "$(TARGET_NAME)";
				SWIFT_VERSION = 4.0;
				TARGETED_DEVICE_FAMILY = "1,2";
				TEST_HOST = "$(BUILT_PRODUCTS_DIR)/MasterDetail.app/MasterDetail";
			};
			name = Release;
		};
		68452607208DBE3C00564867 /* Debug */ = {
			isa = XCBuildConfiguration;
			buildSettings = {
				ALWAYS_EMBED_SWIFT_STANDARD_LIBRARIES = YES;
				CODE_SIGN_STYLE = Automatic;
				INFOPLIST_FILE = MasterDetailUITests/Info.plist;
				LD_RUNPATH_SEARCH_PATHS = (
					"$(inherited)",
					"@executable_path/Frameworks",
					"@loader_path/Frameworks",
				);
				PRODUCT_BUNDLE_IDENTIFIER = com.swift.programmers.single.MasterDetailUITests;
				PRODUCT_NAME = "$(TARGET_NAME)";
				SWIFT_VERSION = 4.0;
				TARGETED_DEVICE_FAMILY = "1,2";
				TEST_TARGET_NAME = MasterDetail;
			};
			name = Debug;
		};
		68452608208DBE3C00564867 /* Release */ = {
			isa = XCBuildConfiguration;
			buildSettings = {
				ALWAYS_EMBED_SWIFT_STANDARD_LIBRARIES = YES;
				CODE_SIGN_STYLE = Automatic;
				INFOPLIST_FILE = MasterDetailUITests/Info.plist;
				LD_RUNPATH_SEARCH_PATHS = (
					"$(inherited)",
					"@executable_path/Frameworks",
					"@loader_path/Frameworks",
				);
				PRODUCT_BUNDLE_IDENTIFIER = com.swift.programmers.single.MasterDetailUITests;
				PRODUCT_NAME = "$(TARGET_NAME)";
				SWIFT_VERSION = 4.0;
				TARGETED_DEVICE_FAMILY = "1,2";
				TEST_TARGET_NAME = MasterDetail;
			};
			name = Release;
		};
/* End XCBuildConfiguration section */

/* Begin XCConfigurationList section */
		684525D1208DBE3B00564867 /* Build configuration list for PBXProject "MasterDetail" */ = {
			isa = XCConfigurationList;
			buildConfigurations = (
				684525FE208DBE3C00564867 /* Debug */,
				684525FF208DBE3C00564867 /* Release */,
			);
			defaultConfigurationIsVisible = 0;
			defaultConfigurationName = Release;
		};
		68452600208DBE3C00564867 /* Build configuration list for PBXNativeTarget "MasterDetail" */ = {
			isa = XCConfigurationList;
			buildConfigurations = (
				68452601208DBE3C00564867 /* Debug */,
				68452602208DBE3C00564867 /* Release */,
			);
			defaultConfigurationIsVisible = 0;
			defaultConfigurationName = Release;
		};
		68452603208DBE3C00564867 /* Build configuration list for PBXNativeTarget "MasterDetailTests" */ = {
			isa = XCConfigurationList;
			buildConfigurations = (
				68452604208DBE3C00564867 /* Debug */,
				68452605208DBE3C00564867 /* Release */,
			);
			defaultConfigurationIsVisible = 0;
			defaultConfigurationName = Release;
		};
		68452606208DBE3C00564867 /* Build configuration list for PBXNativeTarget "MasterDetailUITests" */ = {
			isa = XCConfigurationList;
			buildConfigurations = (
				68452607208DBE3C00564867 /* Debug */,
				68452608208DBE3C00564867 /* Release */,
			);
			defaultConfigurationIsVisible = 0;
			defaultConfigurationName = Release;
		};
/* End XCConfigurationList section */
	};
	rootObject = 684525CE208DBE3B00564867 /* Project object */;
}
