// !$*UTF8*$!
{
	archiveVersion = 1;
	classes = {
	};
	objectVersion = 50;
	objects = {

/* Begin PBXBuildFile section */
		68DECE6120834E370051E575 /* AppDelegate.swift in Sources */ = {isa = PBXBuildFile; fileRef = 68DECE6020834E370051E575 /* AppDelegate.swift */; };
		68DECE6320834E370051E575 /* ViewController.swift in Sources */ = {isa = PBXBuildFile; fileRef = 68DECE6220834E370051E575 /* ViewController.swift */; };
		68DECE6620834E370051E575 /* Main.storyboard in Resources */ = {isa = PBXBuildFile; fileRef = 68DECE6420834E370051E575 /* Main.storyboard */; };
		68DECE6820834E380051E575 /* Assets.xcassets in Resources */ = {isa = PBXBuildFile; fileRef = 68DECE6720834E380051E575 /* Assets.xcassets */; };
		68DECE6B20834E380051E575 /* LaunchScreen.storyboard in Resources */ = {isa = PBXBuildFile; fileRef = 68DECE6920834E380051E575 /* LaunchScreen.storyboard */; };
		68DECE7620834E390051E575 /* MoneyConverterTests.swift in Sources */ = {isa = PBXBuildFile; fileRef = 68DECE7520834E390051E575 /* MoneyConverterTests.swift */; };
		68DECE8120834E390051E575 /* MoneyConverterUITests.swift in Sources */ = {isa = PBXBuildFile; fileRef = 68DECE8020834E390051E575 /* MoneyConverterUITests.swift */; };
/* End PBXBuildFile section */

/* Begin PBXContainerItemProxy section */
		68DECE7220834E390051E575 /* PBXContainerItemProxy */ = {
			isa = PBXContainerItemProxy;
			containerPortal = 68DECE5520834E360051E575 /* Project object */;
			proxyType = 1;
			remoteGlobalIDString = 68DECE5C20834E360051E575;
			remoteInfo = MoneyConverter;
		};
		68DECE7D20834E390051E575 /* PBXContainerItemProxy */ = {
			isa = PBXContainerItemProxy;
			containerPortal = 68DECE5520834E360051E575 /* Project object */;
			proxyType = 1;
			remoteGlobalIDString = 68DECE5C20834E360051E575;
			remoteInfo = MoneyConverter;
		};
/* End PBXContainerItemProxy section */

/* Begin PBXFileReference section */
		68DECE5D20834E370051E575 /* MoneyConverter.app */ = {isa = PBXFileReference; explicitFileType = wrapper.application; includeInIndex = 0; path = MoneyConverter.app; sourceTree = BUILT_PRODUCTS_DIR; };
		68DECE6020834E370051E575 /* AppDelegate.swift */ = {isa = PBXFileReference; lastKnownFileType = sourcecode.swift; path = AppDelegate.swift; sourceTree = "<group>"; };
		68DECE6220834E370051E575 /* ViewController.swift */ = {isa = PBXFileReference; lastKnownFileType = sourcecode.swift; path = ViewController.swift; sourceTree = "<group>"; };
		68DECE6520834E370051E575 /* Base */ = {isa = PBXFileReference; lastKnownFileType = file.storyboard; name = Base; path = Base.lproj/Main.storyboard; sourceTree = "<group>"; };
		68DECE6720834E380051E575 /* Assets.xcassets */ = {isa = PBXFileReference; lastKnownFileType = folder.assetcatalog; path = Assets.xcassets; sourceTree = "<group>"; };
		68DECE6A20834E380051E575 /* Base */ = {isa = PBXFileReference; lastKnownFileType = file.storyboard; name = Base; path = Base.lproj/LaunchScreen.storyboard; sourceTree = "<group>"; };
		68DECE6C20834E380051E575 /* Info.plist */ = {isa = PBXFileReference; lastKnownFileType = text.plist.xml; path = Info.plist; sourceTree = "<group>"; };
		68DECE7120834E390051E575 /* MoneyConverterTests.xctest */ = {isa = PBXFileReference; explicitFileType = wrapper.cfbundle; includeInIndex = 0; path = MoneyConverterTests.xctest; sourceTree = BUILT_PRODUCTS_DIR; };
		68DECE7520834E390051E575 /* MoneyConverterTests.swift */ = {isa = PBXFileReference; lastKnownFileType = sourcecode.swift; path = MoneyConverterTests.swift; sourceTree = "<group>"; };
		68DECE7720834E390051E575 /* Info.plist */ = {isa = PBXFileReference; lastKnownFileType = text.plist.xml; path = Info.plist; sourceTree = "<group>"; };
		68DECE7C20834E390051E575 /* MoneyConverterUITests.xctest */ = {isa = PBXFileReference; explicitFileType = wrapper.cfbundle; includeInIndex = 0; path = MoneyConverterUITests.xctest; sourceTree = BUILT_PRODUCTS_DIR; };
		68DECE8020834E390051E575 /* MoneyConverterUITests.swift */ = {isa = PBXFileReference; lastKnownFileType = sourcecode.swift; path = MoneyConverterUITests.swift; sourceTree = "<group>"; };
		68DECE8220834E390051E575 /* Info.plist */ = {isa = PBXFileReference; lastKnownFileType = text.plist.xml; path = Info.plist; sourceTree = "<group>"; };
/* End PBXFileReference section */

/* Begin PBXFrameworksBuildPhase section */
		68DECE5A20834E360051E575 /* Frameworks */ = {
			isa = PBXFrameworksBuildPhase;
			buildActionMask = 2147483647;
			files = (
			);
			runOnlyForDeploymentPostprocessing = 0;
		};
		68DECE6E20834E390051E575 /* Frameworks */ = {
			isa = PBXFrameworksBuildPhase;
			buildActionMask = 2147483647;
			files = (
			);
			runOnlyForDeploymentPostprocessing = 0;
		};
		68DECE7920834E390051E575 /* Frameworks */ = {
			isa = PBXFrameworksBuildPhase;
			buildActionMask = 2147483647;
			files = (
			);
			runOnlyForDeploymentPostprocessing = 0;
		};
/* End PBXFrameworksBuildPhase section */

/* Begin PBXGroup section */
		68DECE5420834E360051E575 = {
			isa = PBXGroup;
			children = (
				68DECE5F20834E370051E575 /* MoneyConverter */,
				68DECE7420834E390051E575 /* MoneyConverterTests */,
				68DECE7F20834E390051E575 /* MoneyConverterUITests */,
				68DECE5E20834E370051E575 /* Products */,
			);
			sourceTree = "<group>";
		};
		68DECE5E20834E370051E575 /* Products */ = {
			isa = PBXGroup;
			children = (
				68DECE5D20834E370051E575 /* MoneyConverter.app */,
				68DECE7120834E390051E575 /* MoneyConverterTests.xctest */,
				68DECE7C20834E390051E575 /* MoneyConverterUITests.xctest */,
			);
			name = Products;
			sourceTree = "<group>";
		};
		68DECE5F20834E370051E575 /* MoneyConverter */ = {
			isa = PBXGroup;
			children = (
				68DECE6020834E370051E575 /* AppDelegate.swift */,
				68DECE6220834E370051E575 /* ViewController.swift */,
				68DECE6420834E370051E575 /* Main.storyboard */,
				68DECE6720834E380051E575 /* Assets.xcassets */,
				68DECE6920834E380051E575 /* LaunchScreen.storyboard */,
				68DECE6C20834E380051E575 /* Info.plist */,
			);
			path = MoneyConverter;
			sourceTree = "<group>";
		};
		68DECE7420834E390051E575 /* MoneyConverterTests */ = {
			isa = PBXGroup;
			children = (
				68DECE7520834E390051E575 /* MoneyConverterTests.swift */,
				68DECE7720834E390051E575 /* Info.plist */,
			);
			path = MoneyConverterTests;
			sourceTree = "<group>";
		};
		68DECE7F20834E390051E575 /* MoneyConverterUITests */ = {
			isa = PBXGroup;
			children = (
				68DECE8020834E390051E575 /* MoneyConverterUITests.swift */,
				68DECE8220834E390051E575 /* Info.plist */,
			);
			path = MoneyConverterUITests;
			sourceTree = "<group>";
		};
/* End PBXGroup section */

/* Begin PBXNativeTarget section */
		68DECE5C20834E360051E575 /* MoneyConverter */ = {
			isa = PBXNativeTarget;
			buildConfigurationList = 68DECE8520834E390051E575 /* Build configuration list for PBXNativeTarget "MoneyConverter" */;
			buildPhases = (
				68DECE5920834E360051E575 /* Sources */,
				68DECE5A20834E360051E575 /* Frameworks */,
				68DECE5B20834E360051E575 /* Resources */,
			);
			buildRules = (
			);
			dependencies = (
			);
			name = MoneyConverter;
			productName = MoneyConverter;
			productReference = 68DECE5D20834E370051E575 /* MoneyConverter.app */;
			productType = "com.apple.product-type.application";
		};
		68DECE7020834E390051E575 /* MoneyConverterTests */ = {
			isa = PBXNativeTarget;
			buildConfigurationList = 68DECE8820834E390051E575 /* Build configuration list for PBXNativeTarget "MoneyConverterTests" */;
			buildPhases = (
				68DECE6D20834E390051E575 /* Sources */,
				68DECE6E20834E390051E575 /* Frameworks */,
				68DECE6F20834E390051E575 /* Resources */,
			);
			buildRules = (
			);
			dependencies = (
				68DECE7320834E390051E575 /* PBXTargetDependency */,
			);
			name = MoneyConverterTests;
			productName = MoneyConverterTests;
			productReference = 68DECE7120834E390051E575 /* MoneyConverterTests.xctest */;
			productType = "com.apple.product-type.bundle.unit-test";
		};
		68DECE7B20834E390051E575 /* MoneyConverterUITests */ = {
			isa = PBXNativeTarget;
			buildConfigurationList = 68DECE8B20834E390051E575 /* Build configuration list for PBXNativeTarget "MoneyConverterUITests" */;
			buildPhases = (
				68DECE7820834E390051E575 /* Sources */,
				68DECE7920834E390051E575 /* Frameworks */,
				68DECE7A20834E390051E575 /* Resources */,
			);
			buildRules = (
			);
			dependencies = (
				68DECE7E20834E390051E575 /* PBXTargetDependency */,
			);
			name = MoneyConverterUITests;
			productName = MoneyConverterUITests;
			productReference = 68DECE7C20834E390051E575 /* MoneyConverterUITests.xctest */;
			productType = "com.apple.product-type.bundle.ui-testing";
		};
/* End PBXNativeTarget section */

/* Begin PBXProject section */
		68DECE5520834E360051E575 /* Project object */ = {
			isa = PBXProject;
			attributes = {
				LastSwiftUpdateCheck = 0930;
				LastUpgradeCheck = 0930;
				ORGANIZATIONNAME = lecture;
				TargetAttributes = {
					68DECE5C20834E360051E575 = {
						CreatedOnToolsVersion = 9.3;
					};
					68DECE7020834E390051E575 = {
						CreatedOnToolsVersion = 9.3;
						TestTargetID = 68DECE5C20834E360051E575;
					};
					68DECE7B20834E390051E575 = {
						CreatedOnToolsVersion = 9.3;
						TestTargetID = 68DECE5C20834E360051E575;
					};
				};
			};
			buildConfigurationList = 68DECE5820834E360051E575 /* Build configuration list for PBXProject "MoneyConverter" */;
			compatibilityVersion = "Xcode 9.3";
			developmentRegion = en;
			hasScannedForEncodings = 0;
			knownRegions = (
				en,
				Base,
			);
			mainGroup = 68DECE5420834E360051E575;
			productRefGroup = 68DECE5E20834E370051E575 /* Products */;
			projectDirPath = "";
			projectRoot = "";
			targets = (
				68DECE5C20834E360051E575 /* MoneyConverter */,
				68DECE7020834E390051E575 /* MoneyConverterTests */,
				68DECE7B20834E390051E575 /* MoneyConverterUITests */,
			);
		};
/* End PBXProject section */

/* Begin PBXResourcesBuildPhase section */
		68DECE5B20834E360051E575 /* Resources */ = {
			isa = PBXResourcesBuildPhase;
			buildActionMask = 2147483647;
			files = (
				68DECE6B20834E380051E575 /* LaunchScreen.storyboard in Resources */,
				68DECE6820834E380051E575 /* Assets.xcassets in Resources */,
				68DECE6620834E370051E575 /* Main.storyboard in Resources */,
			);
			runOnlyForDeploymentPostprocessing = 0;
		};
		68DECE6F20834E390051E575 /* Resources */ = {
			isa = PBXResourcesBuildPhase;
			buildActionMask = 2147483647;
			files = (
			);
			runOnlyForDeploymentPostprocessing = 0;
		};
		68DECE7A20834E390051E575 /* Resources */ = {
			isa = PBXResourcesBuildPhase;
			buildActionMask = 2147483647;
			files = (
			);
			runOnlyForDeploymentPostprocessing = 0;
		};
/* End PBXResourcesBuildPhase section */

/* Begin PBXSourcesBuildPhase section */
		68DECE5920834E360051E575 /* Sources */ = {
			isa = PBXSourcesBuildPhase;
			buildActionMask = 2147483647;
			files = (
				68DECE6320834E370051E575 /* ViewController.swift in Sources */,
				68DECE6120834E370051E575 /* AppDelegate.swift in Sources */,
			);
			runOnlyForDeploymentPostprocessing = 0;
		};
		68DECE6D20834E390051E575 /* Sources */ = {
			isa = PBXSourcesBuildPhase;
			buildActionMask = 2147483647;
			files = (
				68DECE7620834E390051E575 /* MoneyConverterTests.swift in Sources */,
			);
			runOnlyForDeploymentPostprocessing = 0;
		};
		68DECE7820834E390051E575 /* Sources */ = {
			isa = PBXSourcesBuildPhase;
			buildActionMask = 2147483647;
			files = (
				68DECE8120834E390051E575 /* MoneyConverterUITests.swift in Sources */,
			);
			runOnlyForDeploymentPostprocessing = 0;
		};
/* End PBXSourcesBuildPhase section */

/* Begin PBXTargetDependency section */
		68DECE7320834E390051E575 /* PBXTargetDependency */ = {
			isa = PBXTargetDependency;
			target = 68DECE5C20834E360051E575 /* MoneyConverter */;
			targetProxy = 68DECE7220834E390051E575 /* PBXContainerItemProxy */;
		};
		68DECE7E20834E390051E575 /* PBXTargetDependency */ = {
			isa = PBXTargetDependency;
			target = 68DECE5C20834E360051E575 /* MoneyConverter */;
			targetProxy = 68DECE7D20834E390051E575 /* PBXContainerItemProxy */;
		};
/* End PBXTargetDependency section */

/* Begin PBXVariantGroup section */
		68DECE6420834E370051E575 /* Main.storyboard */ = {
			isa = PBXVariantGroup;
			children = (
				68DECE6520834E370051E575 /* Base */,
			);
			name = Main.storyboard;
			sourceTree = "<group>";
		};
		68DECE6920834E380051E575 /* LaunchScreen.storyboard */ = {
			isa = PBXVariantGroup;
			children = (
				68DECE6A20834E380051E575 /* Base */,
			);
			name = LaunchScreen.storyboard;
			sourceTree = "<group>";
		};
/* End PBXVariantGroup section */

/* Begin XCBuildConfiguration section */
		68DECE8320834E390051E575 /* Debug */ = {
			isa = XCBuildConfiguration;
			buildSettings = {
				ALWAYS_SEARCH_USER_PATHS = NO;
				CLANG_ANALYZER_NONNULL = YES;
				CLANG_ANALYZER_NUMBER_OBJECT_CONVERSION = YES_AGGRESSIVE;
				CLANG_CXX_LANGUAGE_STANDARD = "gnu++14";
				CLANG_CXX_LIBRARY = "libc++";
				CLANG_ENABLE_MODULES = YES;
				CLANG_ENABLE_OBJC_ARC = YES;
				CLANG_ENABLE_OBJC_WEAK = YES;
				CLANG_WARN_BLOCK_CAPTURE_AUTORELEASING = YES;
				CLANG_WARN_BOOL_CONVERSION = YES;
				CLANG_WARN_COMMA = YES;
				CLANG_WARN_CONSTANT_CONVERSION = YES;
				CLANG_WARN_DEPRECATED_OBJC_IMPLEMENTATIONS = YES;
				CLANG_WARN_DIRECT_OBJC_ISA_USAGE = YES_ERROR;
				CLANG_WARN_DOCUMENTATION_COMMENTS = YES;
				CLANG_WARN_EMPTY_BODY = YES;
				CLANG_WARN_ENUM_CONVERSION = YES;
				CLANG_WARN_INFINITE_RECURSION = YES;
				CLANG_WARN_INT_CONVERSION = YES;
				CLANG_WARN_NON_LITERAL_NULL_CONVERSION = YES;
				CLANG_WARN_OBJC_IMPLICIT_RETAIN_SELF = YES;
				CLANG_WARN_OBJC_LITERAL_CONVERSION = YES;
				CLANG_WARN_OBJC_ROOT_CLASS = YES_ERROR;
				CLANG_WARN_RANGE_LOOP_ANALYSIS = YES;
				CLANG_WARN_STRICT_PROTOTYPES = YES;
				CLANG_WARN_SUSPICIOUS_MOVE = YES;
				CLANG_WARN_UNGUARDED_AVAILABILITY = YES_AGGRESSIVE;
				CLANG_WARN_UNREACHABLE_CODE = YES;
				CLANG_WARN__DUPLICATE_METHOD_MATCH = YES;
				CODE_SIGN_IDENTITY = "iPhone Developer";
				COPY_PHASE_STRIP = NO;
				DEBUG_INFORMATION_FORMAT = dwarf;
				ENABLE_STRICT_OBJC_MSGSEND = YES;
				ENABLE_TESTABILITY = YES;
				GCC_C_LANGUAGE_STANDARD = gnu11;
				GCC_DYNAMIC_NO_PIC = NO;
				GCC_NO_COMMON_BLOCKS = YES;
				GCC_OPTIMIZATION_LEVEL = 0;
				GCC_PREPROCESSOR_DEFINITIONS = (
					"DEBUG=1",
					"$(inherited)",
				);
				GCC_WARN_64_TO_32_BIT_CONVERSION = YES;
				GCC_WARN_ABOUT_RETURN_TYPE = YES_ERROR;
				GCC_WARN_UNDECLARED_SELECTOR = YES;
				GCC_WARN_UNINITIALIZED_AUTOS = YES_AGGRESSIVE;
				GCC_WARN_UNUSED_FUNCTION = YES;
				GCC_WARN_UNUSED_VARIABLE = YES;
				IPHONEOS_DEPLOYMENT_TARGET = 11.3;
				MTL_ENABLE_DEBUG_INFO = YES;
				ONLY_ACTIVE_ARCH = YES;
				SDKROOT = iphoneos;
				SWIFT_ACTIVE_COMPILATION_CONDITIONS = DEBUG;
				SWIFT_OPTIMIZATION_LEVEL = "-Onone";
			};
			name = Debug;
		};
		68DECE8420834E390051E575 /* Release */ = {
			isa = XCBuildConfiguration;
			buildSettings = {
				ALWAYS_SEARCH_USER_PATHS = NO;
				CLANG_ANALYZER_NONNULL = YES;
				CLANG_ANALYZER_NUMBER_OBJECT_CONVERSION = YES_AGGRESSIVE;
				CLANG_CXX_LANGUAGE_STANDARD = "gnu++14";
				CLANG_CXX_LIBRARY = "libc++";
				CLANG_ENABLE_MODULES = YES;
				CLANG_ENABLE_OBJC_ARC = YES;
				CLANG_ENABLE_OBJC_WEAK = YES;
				CLANG_WARN_BLOCK_CAPTURE_AUTORELEASING = YES;
				CLANG_WARN_BOOL_CONVERSION = YES;
				CLANG_WARN_COMMA = YES;
				CLANG_WARN_CONSTANT_CONVERSION = YES;
				CLANG_WARN_DEPRECATED_OBJC_IMPLEMENTATIONS = YES;
				CLANG_WARN_DIRECT_OBJC_ISA_USAGE = YES_ERROR;
				CLANG_WARN_DOCUMENTATION_COMMENTS = YES;
				CLANG_WARN_EMPTY_BODY = YES;
				CLANG_WARN_ENUM_CONVERSION = YES;
				CLANG_WARN_INFINITE_RECURSION = YES;
				CLANG_WARN_INT_CONVERSION = YES;
				CLANG_WARN_NON_LITERAL_NULL_CONVERSION = YES;
				CLANG_WARN_OBJC_IMPLICIT_RETAIN_SELF = YES;
				CLANG_WARN_OBJC_LITERAL_CONVERSION = YES;
				CLANG_WARN_OBJC_ROOT_CLASS = YES_ERROR;
				CLANG_WARN_RANGE_LOOP_ANALYSIS = YES;
				CLANG_WARN_STRICT_PROTOTYPES = YES;
				CLANG_WARN_SUSPICIOUS_MOVE = YES;
				CLANG_WARN_UNGUARDED_AVAILABILITY = YES_AGGRESSIVE;
				CLANG_WARN_UNREACHABLE_CODE = YES;
				CLANG_WARN__DUPLICATE_METHOD_MATCH = YES;
				CODE_SIGN_IDENTITY = "iPhone Developer";
				COPY_PHASE_STRIP = NO;
				DEBUG_INFORMATION_FORMAT = "dwarf-with-dsym";
				ENABLE_NS_ASSERTIONS = NO;
				ENABLE_STRICT_OBJC_MSGSEND = YES;
				GCC_C_LANGUAGE_STANDARD = gnu11;
				GCC_NO_COMMON_BLOCKS = YES;
				GCC_WARN_64_TO_32_BIT_CONVERSION = YES;
				GCC_WARN_ABOUT_RETURN_TYPE = YES_ERROR;
				GCC_WARN_UNDECLARED_SELECTOR = YES;
				GCC_WARN_UNINITIALIZED_AUTOS = YES_AGGRESSIVE;
				GCC_WARN_UNUSED_FUNCTION = YES;
				GCC_WARN_UNUSED_VARIABLE = YES;
				IPHONEOS_DEPLOYMENT_TARGET = 11.3;
				MTL_ENABLE_DEBUG_INFO = NO;
				SDKROOT = iphoneos;
				SWIFT_COMPILATION_MODE = wholemodule;
				SWIFT_OPTIMIZATION_LEVEL = "-O";
				VALIDATE_PRODUCT = YES;
			};
			name = Release;
		};
		68DECE8620834E390051E575 /* Debug */ = {
			isa = XCBuildConfiguration;
			buildSettings = {
				ASSETCATALOG_COMPILER_APPICON_NAME = AppIcon;
				CODE_SIGN_STYLE = Automatic;
				INFOPLIST_FILE = MoneyConverter/Info.plist;
				LD_RUNPATH_SEARCH_PATHS = (
					"$(inherited)",
					"@executable_path/Frameworks",
				);
				PRODUCT_BUNDLE_IDENTIFIER = com.swift.programmers.single.MoneyConverter;
				PRODUCT_NAME = "$(TARGET_NAME)";
				SWIFT_VERSION = 4.0;
				TARGETED_DEVICE_FAMILY = "1,2";
			};
			name = Debug;
		};
		68DECE8720834E390051E575 /* Release */ = {
			isa = XCBuildConfiguration;
			buildSettings = {
				ASSETCATALOG_COMPILER_APPICON_NAME = AppIcon;
				CODE_SIGN_STYLE = Automatic;
				INFOPLIST_FILE = MoneyConverter/Info.plist;
				LD_RUNPATH_SEARCH_PATHS = (
					"$(inherited)",
					"@executable_path/Frameworks",
				);
				PRODUCT_BUNDLE_IDENTIFIER = com.swift.programmers.single.MoneyConverter;
				PRODUCT_NAME = "$(TARGET_NAME)";
				SWIFT_VERSION = 4.0;
				TARGETED_DEVICE_FAMILY = "1,2";
			};
			name = Release;
		};
		68DECE8920834E390051E575 /* Debug */ = {
			isa = XCBuildConfiguration;
			buildSettings = {
				ALWAYS_EMBED_SWIFT_STANDARD_LIBRARIES = YES;
				BUNDLE_LOADER = "$(TEST_HOST)";
				CODE_SIGN_STYLE = Automatic;
				INFOPLIST_FILE = MoneyConverterTests/Info.plist;
				LD_RUNPATH_SEARCH_PATHS = (
					"$(inherited)",
					"@executable_path/Frameworks",
					"@loader_path/Frameworks",
				);
				PRODUCT_BUNDLE_IDENTIFIER = com.swift.programmers.single.MoneyConverterTests;
				PRODUCT_NAME = "$(TARGET_NAME)";
				SWIFT_VERSION = 4.0;
				TARGETED_DEVICE_FAMILY = "1,2";
				TEST_HOST = "$(BUILT_PRODUCTS_DIR)/MoneyConverter.app/MoneyConverter";
			};
			name = Debug;
		};
		68DECE8A20834E390051E575 /* Release */ = {
			isa = XCBuildConfiguration;
			buildSettings = {
				ALWAYS_EMBED_SWIFT_STANDARD_LIBRARIES = YES;
				BUNDLE_LOADER = "$(TEST_HOST)";
				CODE_SIGN_STYLE = Automatic;
				INFOPLIST_FILE = MoneyConverterTests/Info.plist;
				LD_RUNPATH_SEARCH_PATHS = (
					"$(inherited)",
					"@executable_path/Frameworks",
					"@loader_path/Frameworks",
				);
				PRODUCT_BUNDLE_IDENTIFIER = com.swift.programmers.single.MoneyConverterTests;
				PRODUCT_NAME = "$(TARGET_NAME)";
				SWIFT_VERSION = 4.0;
				TARGETED_DEVICE_FAMILY = "1,2";
				TEST_HOST = "$(BUILT_PRODUCTS_DIR)/MoneyConverter.app/MoneyConverter";
			};
			name = Release;
		};
		68DECE8C20834E390051E575 /* Debug */ = {
			isa = XCBuildConfiguration;
			buildSettings = {
				ALWAYS_EMBED_SWIFT_STANDARD_LIBRARIES = YES;
				CODE_SIGN_STYLE = Automatic;
				INFOPLIST_FILE = MoneyConverterUITests/Info.plist;
				LD_RUNPATH_SEARCH_PATHS = (
					"$(inherited)",
					"@executable_path/Frameworks",
					"@loader_path/Frameworks",
				);
				PRODUCT_BUNDLE_IDENTIFIER = com.swift.programmers.single.MoneyConverterUITests;
				PRODUCT_NAME = "$(TARGET_NAME)";
				SWIFT_VERSION = 4.0;
				TARGETED_DEVICE_FAMILY = "1,2";
				TEST_TARGET_NAME = MoneyConverter;
			};
			name = Debug;
		};
		68DECE8D20834E390051E575 /* Release */ = {
			isa = XCBuildConfiguration;
			buildSettings = {
				ALWAYS_EMBED_SWIFT_STANDARD_LIBRARIES = YES;
				CODE_SIGN_STYLE = Automatic;
				INFOPLIST_FILE = MoneyConverterUITests/Info.plist;
				LD_RUNPATH_SEARCH_PATHS = (
					"$(inherited)",
					"@executable_path/Frameworks",
					"@loader_path/Frameworks",
				);
				PRODUCT_BUNDLE_IDENTIFIER = com.swift.programmers.single.MoneyConverterUITests;
				PRODUCT_NAME = "$(TARGET_NAME)";
				SWIFT_VERSION = 4.0;
				TARGETED_DEVICE_FAMILY = "1,2";
				TEST_TARGET_NAME = MoneyConverter;
			};
			name = Release;
		};
/* End XCBuildConfiguration section */

/* Begin XCConfigurationList section */
		68DECE5820834E360051E575 /* Build configuration list for PBXProject "MoneyConverter" */ = {
			isa = XCConfigurationList;
			buildConfigurations = (
				68DECE8320834E390051E575 /* Debug */,
				68DECE8420834E390051E575 /* Release */,
			);
			defaultConfigurationIsVisible = 0;
			defaultConfigurationName = Release;
		};
		68DECE8520834E390051E575 /* Build configuration list for PBXNativeTarget "MoneyConverter" */ = {
			isa = XCConfigurationList;
			buildConfigurations = (
				68DECE8620834E390051E575 /* Debug */,
				68DECE8720834E390051E575 /* Release */,
			);
			defaultConfigurationIsVisible = 0;
			defaultConfigurationName = Release;
		};
		68DECE8820834E390051E575 /* Build configuration list for PBXNativeTarget "MoneyConverterTests" */ = {
			isa = XCConfigurationList;
			buildConfigurations = (
				68DECE8920834E390051E575 /* Debug */,
				68DECE8A20834E390051E575 /* Release */,
			);
			defaultConfigurationIsVisible = 0;
			defaultConfigurationName = Release;
		};
		68DECE8B20834E390051E575 /* Build configuration list for PBXNativeTarget "MoneyConverterUITests" */ = {
			isa = XCConfigurationList;
			buildConfigurations = (
				68DECE8C20834E390051E575 /* Debug */,
				68DECE8D20834E390051E575 /* Release */,
			);
			defaultConfigurationIsVisible = 0;
			defaultConfigurationName = Release;
		};
/* End XCConfigurationList section */
	};
	rootObject = 68DECE5520834E360051E575 /* Project object */;
}
